
Microsoft Visual Studio Solution File, Format Version 12.00
# Visual Studio Version 16
VisualStudioVersion = 16.0.30320.27
MinimumVisualStudioVersion = 10.0.40219.1
Project("{9A19103F-16F7-4668-BE54-9A1E7A4F7556}") = "Maincotech.Core", "src\Maincotech.Core.csproj", "{9CD7A309-8424-4ADC-A0EE-D9ACC4FBFAC4}"
EndProject
Global
	GlobalSection(SolutionConfigurationPlatforms) = preSolution
		Debug|Any CPU = Debug|Any CPU
		Release|Any CPU = Release|Any CPU
	EndGlobalSection
	GlobalSection(ProjectConfigurationPlatforms) = postSolution
		{9CD7A309-8424-4ADC-A0EE-D9ACC4FBFAC4}.Debug|Any CPU.ActiveCfg = Debug|Any CPU
		{9CD7A309-8424-4ADC-A0EE-D9ACC4FBFAC4}.Debug|Any CPU.Build.0 = Debug|Any CPU
		{9CD7A309-8424-4ADC-A0EE-D9ACC4FBFAC4}.Release|Any CPU.ActiveCfg = Release|Any CPU
		{9CD7A309-8424-4ADC-A0EE-D9ACC4FBFAC4}.Release|Any CPU.Build.0 = Release|Any CPU
	EndGlobalSection
	GlobalSection(SolutionProperties) = preSolution
		HideSolutionNode = FALSE
	EndGlobalSection
	GlobalSection(ExtensibilityGlobals) = postSolution
		SolutionGuid = {5A48F2C5-3C24-4EB3-A552-E7E3D7E648B8}
	EndGlobalSection
EndGlobal
