
Microsoft Visual Studio Solution File, Format Version 12.00
# Visual Studio Version 16
VisualStudioVersion = 16.0.30320.27
MinimumVisualStudioVersion = 10.0.40219.1
Project("{9A19103F-16F7-4668-BE54-9A1E7A4F7556}") = "Maincotech.Common", "src\Maincotech.Common.csproj", "{6AB63B43-7022-489E-BF59-4B48AF1C4582}"
EndProject
Global
	GlobalSection(SolutionConfigurationPlatforms) = preSolution
		Debug|Any CPU = Debug|Any CPU
		Release|Any CPU = Release|Any CPU
	EndGlobalSection
	GlobalSection(ProjectConfigurationPlatforms) = postSolution
		{6AB63B43-7022-489E-BF59-4B48AF1C4582}.Debug|Any CPU.ActiveCfg = Debug|Any CPU
		{6AB63B43-7022-489E-BF59-4B48AF1C4582}.Debug|Any CPU.Build.0 = Debug|Any CPU
		{6AB63B43-7022-489E-BF59-4B48AF1C4582}.Release|Any CPU.ActiveCfg = Release|Any CPU
		{6AB63B43-7022-489E-BF59-4B48AF1C4582}.Release|Any CPU.Build.0 = Release|Any CPU
	EndGlobalSection
	GlobalSection(SolutionProperties) = preSolution
		HideSolutionNode = FALSE
	EndGlobalSection
	GlobalSection(ExtensibilityGlobals) = postSolution
		SolutionGuid = {5A48F2C5-3C24-4EB3-A552-E7E3D7E648B8}
	EndGlobalSection
EndGlobal
